
Microsoft Visual Studio Solution File, Format Version 12.00
# Visual Studio Version 16
VisualStudioVersion = 16.0.30011.22
MinimumVisualStudioVersion = 10.0.40219.1
Project("{FAE04EC0-301F-11D3-BF4B-00C04F79EFBC}") = "DC", "DC\DC.csproj", "{26653F39-FC69-4772-8B5F-8160F6F7CD90}"
EndProject
Global
	GlobalSection(SolutionConfigurationPlatforms) = preSolution
		Debug|Any CPU = Debug|Any CPU
		Release|Any CPU = Release|Any CPU
	EndGlobalSection
	GlobalSection(ProjectConfigurationPlatforms) = postSolution
		{26653F39-FC69-4772-8B5F-8160F6F7CD90}.Debug|Any CPU.ActiveCfg = Debug|Any CPU
		{26653F39-FC69-4772-8B5F-8160F6F7CD90}.Debug|Any CPU.Build.0 = Debug|Any CPU
		{26653F39-FC69-4772-8B5F-8160F6F7CD90}.Release|Any CPU.ActiveCfg = Release|Any CPU
		{26653F39-FC69-4772-8B5F-8160F6F7CD90}.Release|Any CPU.Build.0 = Release|Any CPU
	EndGlobalSection
	GlobalSection(SolutionProperties) = preSolution
		HideSolutionNode = FALSE
	EndGlobalSection
	GlobalSection(ExtensibilityGlobals) = postSolution
		SolutionGuid = {0D825F26-F1DC-42E1-A7D7-9489994234C7}
	EndGlobalSection
EndGlobal
